{
    "_meta": {
        "hash": {
            "sha256": "abe1fea7024b7c385fa30e16f028fb95cd9870415c83e593b5c7f786473de4a9"
        },
        "requires": {},
        "sources": [
            {
                "url": "https://pypi.python.org/simple",
                "verify_ssl": true
            }
        ]
    },
    "default": {
        "click": {
            "version": "==6.7"
        },
        "flask": {
            "version": "==0.12.2"
        },
        "flask-paginate": {
            "version": "==0.5.0"
        },
        "frozen-flask": {
            "version": "==0.15"
        },
        "itsdangerous": {
            "version": "==0.24"
        },
        "jinja2": {
            "version": "==2.9.6"
        },
        "markupsafe": {
            "version": "==1.0"
        },
        "pypages": {
            "version": "==0.1"
        },
        "pyyaml": {
            "version": "==3.12"
        },
        "werkzeug": {
            "version": "==0.12.2"
        }
    },
    "develop": {}
}
